// !$*UTF8*$!
{
	archiveVersion = 1;
	classes = {
	};
	objectVersion = 55;
	objects = {

/* Begin PBXBuildFile section */
		793601FB279166D100FDD94D /* AvatarView.swift in Sources */ = {isa = PBXBuildFile; fileRef = 793601FA279166D000FDD94D /* AvatarView.swift */; };
		793601FE27916DFC00FDD94D /* Message.swift in Sources */ = {isa = PBXBuildFile; fileRef = 793601FD27916DFC00FDD94D /* Message.swift */; };
		7990C61F279041FC00A3A43A /* IMessageApp.swift in Sources */ = {isa = PBXBuildFile; fileRef = 7990C61E279041FC00A3A43A /* IMessageApp.swift */; };
		7990C621279041FC00A3A43A /* ContentView.swift in Sources */ = {isa = PBXBuildFile; fileRef = 7990C620279041FC00A3A43A /* ContentView.swift */; };
		7990C623279041FF00A3A43A /* Assets.xcassets in Resources */ = {isa = PBXBuildFile; fileRef = 7990C622279041FF00A3A43A /* Assets.xcassets */; };
		7990C626279041FF00A3A43A /* Preview Assets.xcassets in Resources */ = {isa = PBXBuildFile; fileRef = 7990C625279041FF00A3A43A /* Preview Assets.xcassets */; };
		7990C630279041FF00A3A43A /* IMessageTests.swift in Sources */ = {isa = PBXBuildFile; fileRef = 7990C62F279041FF00A3A43A /* IMessageTests.swift */; };
		7990C63A279041FF00A3A43A /* IMessageUITests.swift in Sources */ = {isa = PBXBuildFile; fileRef = 7990C639279041FF00A3A43A /* IMessageUITests.swift */; };
		7990C63C279041FF00A3A43A /* IMessageUITestsLaunchTests.swift in Sources */ = {isa = PBXBuildFile; fileRef = 7990C63B279041FF00A3A43A /* IMessageUITestsLaunchTests.swift */; };
		7990C64A2790426A00A3A43A /* MessageCard.swift in Sources */ = {isa = PBXBuildFile; fileRef = 7990C6492790426A00A3A43A /* MessageCard.swift */; };
		79CE1E19279294CF00DAEE48 /* Search.swift in Sources */ = {isa = PBXBuildFile; fileRef = 79CE1E18279294CF00DAEE48 /* Search.swift */; };
/* End PBXBuildFile section */

/* Begin PBXContainerItemProxy section */
		7990C62C279041FF00A3A43A /* PBXContainerItemProxy */ = {
			isa = PBXContainerItemProxy;
			containerPortal = 7990C613279041FC00A3A43A /* Project object */;
			proxyType = 1;
			remoteGlobalIDString = 7990C61A279041FC00A3A43A;
			remoteInfo = IMessage;
		};
		7990C636279041FF00A3A43A /* PBXContainerItemProxy */ = {
			isa = PBXContainerItemProxy;
			containerPortal = 7990C613279041FC00A3A43A /* Project object */;
			proxyType = 1;
			remoteGlobalIDString = 7990C61A279041FC00A3A43A;
			remoteInfo = IMessage;
		};
/* End PBXContainerItemProxy section */

/* Begin PBXFileReference section */
		793601FA279166D000FDD94D /* AvatarView.swift */ = {isa = PBXFileReference; lastKnownFileType = sourcecode.swift; path = AvatarView.swift; sourceTree = "<group>"; };
		793601FD27916DFC00FDD94D /* Message.swift */ = {isa = PBXFileReference; lastKnownFileType = sourcecode.swift; path = Message.swift; sourceTree = "<group>"; };
		7990C61B279041FC00A3A43A /* IMessage.app */ = {isa = PBXFileReference; explicitFileType = wrapper.application; includeInIndex = 0; path = IMessage.app; sourceTree = BUILT_PRODUCTS_DIR; };
		7990C61E279041FC00A3A43A /* IMessageApp.swift */ = {isa = PBXFileReference; lastKnownFileType = sourcecode.swift; path = IMessageApp.swift; sourceTree = "<group>"; };
		7990C620279041FC00A3A43A /* ContentView.swift */ = {isa = PBXFileReference; lastKnownFileType = sourcecode.swift; path = ContentView.swift; sourceTree = "<group>"; };
		7990C622279041FF00A3A43A /* Assets.xcassets */ = {isa = PBXFileReference; lastKnownFileType = folder.assetcatalog; path = Assets.xcassets; sourceTree = "<group>"; };
		7990C625279041FF00A3A43A /* Preview Assets.xcassets */ = {isa = PBXFileReference; lastKnownFileType = folder.assetcatalog; path = "Preview Assets.xcassets"; sourceTree = "<group>"; };
		7990C62B279041FF00A3A43A /* IMessageTests.xctest */ = {isa = PBXFileReference; explicitFileType = wrapper.cfbundle; includeInIndex = 0; path = IMessageTests.xctest; sourceTree = BUILT_PRODUCTS_DIR; };
		7990C62F279041FF00A3A43A /* IMessageTests.swift */ = {isa = PBXFileReference; lastKnownFileType = sourcecode.swift; path = IMessageTests.swift; sourceTree = "<group>"; };
		7990C635279041FF00A3A43A /* IMessageUITests.xctest */ = {isa = PBXFileReference; explicitFileType = wrapper.cfbundle; includeInIndex = 0; path = IMessageUITests.xctest; sourceTree = BUILT_PRODUCTS_DIR; };
		7990C639279041FF00A3A43A /* IMessageUITests.swift */ = {isa = PBXFileReference; lastKnownFileType = sourcecode.swift; path = IMessageUITests.swift; sourceTree = "<group>"; };
		7990C63B279041FF00A3A43A /* IMessageUITestsLaunchTests.swift */ = {isa = PBXFileReference; lastKnownFileType = sourcecode.swift; path = IMessageUITestsLaunchTests.swift; sourceTree = "<group>"; };
		7990C6492790426A00A3A43A /* MessageCard.swift */ = {isa = PBXFileReference; lastKnownFileType = sourcecode.swift; path = MessageCard.swift; sourceTree = "<group>"; };
		79CE1E18279294CF00DAEE48 /* Search.swift */ = {isa = PBXFileReference; lastKnownFileType = sourcecode.swift; path = Search.swift; sourceTree = "<group>"; };
/* End PBXFileReference section */

/* Begin PBXFrameworksBuildPhase section */
		7990C618279041FC00A3A43A /* Frameworks */ = {
			isa = PBXFrameworksBuildPhase;
			buildActionMask = 2147483647;
			files = (
			);
			runOnlyForDeploymentPostprocessing = 0;
		};
		7990C628279041FF00A3A43A /* Frameworks */ = {
			isa = PBXFrameworksBuildPhase;
			buildActionMask = 2147483647;
			files = (
			);
			runOnlyForDeploymentPostprocessing = 0;
		};
		7990C632279041FF00A3A43A /* Frameworks */ = {
			isa = PBXFrameworksBuildPhase;
			buildActionMask = 2147483647;
			files = (
			);
			runOnlyForDeploymentPostprocessing = 0;
		};
/* End PBXFrameworksBuildPhase section */

/* Begin PBXGroup section */
		793601FC27916DEB00FDD94D /* Models */ = {
			isa = PBXGroup;
			children = (
				793601FD27916DFC00FDD94D /* Message.swift */,
			);
			path = Models;
			sourceTree = "<group>";
		};
		7990C612279041FC00A3A43A = {
			isa = PBXGroup;
			children = (
				7990C61D279041FC00A3A43A /* IMessage */,
				7990C62E279041FF00A3A43A /* IMessageTests */,
				7990C638279041FF00A3A43A /* IMessageUITests */,
				7990C61C279041FC00A3A43A /* Products */,
			);
			sourceTree = "<group>";
		};
		7990C61C279041FC00A3A43A /* Products */ = {
			isa = PBXGroup;
			children = (
				7990C61B279041FC00A3A43A /* IMessage.app */,
				7990C62B279041FF00A3A43A /* IMessageTests.xctest */,
				7990C635279041FF00A3A43A /* IMessageUITests.xctest */,
			);
			name = Products;
			sourceTree = "<group>";
		};
		7990C61D279041FC00A3A43A /* IMessage */ = {
			isa = PBXGroup;
			children = (
				793601FC27916DEB00FDD94D /* Models */,
				7990C6482790424100A3A43A /* Components */,
				7990C61E279041FC00A3A43A /* IMessageApp.swift */,
				7990C620279041FC00A3A43A /* ContentView.swift */,
				7990C622279041FF00A3A43A /* Assets.xcassets */,
				7990C624279041FF00A3A43A /* Preview Content */,
			);
			path = IMessage;
			sourceTree = "<group>";
		};
		7990C624279041FF00A3A43A /* Preview Content */ = {
			isa = PBXGroup;
			children = (
				7990C625279041FF00A3A43A /* Preview Assets.xcassets */,
			);
			path = "Preview Content";
			sourceTree = "<group>";
		};
		7990C62E279041FF00A3A43A /* IMessageTests */ = {
			isa = PBXGroup;
			children = (
				7990C62F279041FF00A3A43A /* IMessageTests.swift */,
			);
			path = IMessageTests;
			sourceTree = "<group>";
		};
		7990C638279041FF00A3A43A /* IMessageUITests */ = {
			isa = PBXGroup;
			children = (
				7990C639279041FF00A3A43A /* IMessageUITests.swift */,
				7990C63B279041FF00A3A43A /* IMessageUITestsLaunchTests.swift */,
			);
			path = IMessageUITests;
			sourceTree = "<group>";
		};
		7990C6482790424100A3A43A /* Components */ = {
			isa = PBXGroup;
			children = (
				7990C6492790426A00A3A43A /* MessageCard.swift */,
				793601FA279166D000FDD94D /* AvatarView.swift */,
				79CE1E18279294CF00DAEE48 /* Search.swift */,
			);
			path = Components;
			sourceTree = "<group>";
		};
/* End PBXGroup section */

/* Begin PBXNativeTarget section */
		7990C61A279041FC00A3A43A /* IMessage */ = {
			isa = PBXNativeTarget;
			buildConfigurationList = 7990C63F279041FF00A3A43A /* Build configuration list for PBXNativeTarget "IMessage" */;
			buildPhases = (
				7990C617279041FC00A3A43A /* Sources */,
				7990C618279041FC00A3A43A /* Frameworks */,
				7990C619279041FC00A3A43A /* Resources */,
			);
			buildRules = (
			);
			dependencies = (
			);
			name = IMessage;
			productName = IMessage;
			productReference = 7990C61B279041FC00A3A43A /* IMessage.app */;
			productType = "com.apple.product-type.application";
		};
		7990C62A279041FF00A3A43A /* IMessageTests */ = {
			isa = PBXNativeTarget;
			buildConfigurationList = 7990C642279041FF00A3A43A /* Build configuration list for PBXNativeTarget "IMessageTests" */;
			buildPhases = (
				7990C627279041FF00A3A43A /* Sources */,
				7990C628279041FF00A3A43A /* Frameworks */,
				7990C629279041FF00A3A43A /* Resources */,
			);
			buildRules = (
			);
			dependencies = (
				7990C62D279041FF00A3A43A /* PBXTargetDependency */,
			);
			name = IMessageTests;
			productName = IMessageTests;
			productReference = 7990C62B279041FF00A3A43A /* IMessageTests.xctest */;
			productType = "com.apple.product-type.bundle.unit-test";
		};
		7990C634279041FF00A3A43A /* IMessageUITests */ = {
			isa = PBXNativeTarget;
			buildConfigurationList = 7990C645279041FF00A3A43A /* Build configuration list for PBXNativeTarget "IMessageUITests" */;
			buildPhases = (
				7990C631279041FF00A3A43A /* Sources */,
				7990C632279041FF00A3A43A /* Frameworks */,
				7990C633279041FF00A3A43A /* Resources */,
			);
			buildRules = (
			);
			dependencies = (
				7990C637279041FF00A3A43A /* PBXTargetDependency */,
			);
			name = IMessageUITests;
			productName = IMessageUITests;
			productReference = 7990C635279041FF00A3A43A /* IMessageUITests.xctest */;
			productType = "com.apple.product-type.bundle.ui-testing";
		};
/* End PBXNativeTarget section */

/* Begin PBXProject section */
		7990C613279041FC00A3A43A /* Project object */ = {
			isa = PBXProject;
			attributes = {
				BuildIndependentTargetsInParallel = 1;
				LastSwiftUpdateCheck = 1320;
				LastUpgradeCheck = 1320;
				TargetAttributes = {
					7990C61A279041FC00A3A43A = {
						CreatedOnToolsVersion = 13.2.1;
					};
					7990C62A279041FF00A3A43A = {
						CreatedOnToolsVersion = 13.2.1;
						TestTargetID = 7990C61A279041FC00A3A43A;
					};
					7990C634279041FF00A3A43A = {
						CreatedOnToolsVersion = 13.2.1;
						TestTargetID = 7990C61A279041FC00A3A43A;
					};
				};
			};
			buildConfigurationList = 7990C616279041FC00A3A43A /* Build configuration list for PBXProject "IMessage" */;
			compatibilityVersion = "Xcode 13.0";
			developmentRegion = en;
			hasScannedForEncodings = 0;
			knownRegions = (
				en,
				Base,
			);
			mainGroup = 7990C612279041FC00A3A43A;
			productRefGroup = 7990C61C279041FC00A3A43A /* Products */;
			projectDirPath = "";
			projectRoot = "";
			targets = (
				7990C61A279041FC00A3A43A /* IMessage */,
				7990C62A279041FF00A3A43A /* IMessageTests */,
				7990C634279041FF00A3A43A /* IMessageUITests */,
			);
		};
/* End PBXProject section */

/* Begin PBXResourcesBuildPhase section */
		7990C619279041FC00A3A43A /* Resources */ = {
			isa = PBXResourcesBuildPhase;
			buildActionMask = 2147483647;
			files = (
				7990C626279041FF00A3A43A /* Preview Assets.xcassets in Resources */,
				7990C623279041FF00A3A43A /* Assets.xcassets in Resources */,
			);
			runOnlyForDeploymentPostprocessing = 0;
		};
		7990C629279041FF00A3A43A /* Resources */ = {
			isa = PBXResourcesBuildPhase;
			buildActionMask = 2147483647;
			files = (
			);
			runOnlyForDeploymentPostprocessing = 0;
		};
		7990C633279041FF00A3A43A /* Resources */ = {
			isa = PBXResourcesBuildPhase;
			buildActionMask = 2147483647;
			files = (
			);
			runOnlyForDeploymentPostprocessing = 0;
		};
/* End PBXResourcesBuildPhase section */

/* Begin PBXSourcesBuildPhase section */
		7990C617279041FC00A3A43A /* Sources */ = {
			isa = PBXSourcesBuildPhase;
			buildActionMask = 2147483647;
			files = (
				7990C621279041FC00A3A43A /* ContentView.swift in Sources */,
				793601FB279166D100FDD94D /* AvatarView.swift in Sources */,
				793601FE27916DFC00FDD94D /* Message.swift in Sources */,
				79CE1E19279294CF00DAEE48 /* Search.swift in Sources */,
				7990C64A2790426A00A3A43A /* MessageCard.swift in Sources */,
				7990C61F279041FC00A3A43A /* IMessageApp.swift in Sources */,
			);
			runOnlyForDeploymentPostprocessing = 0;
		};
		7990C627279041FF00A3A43A /* Sources */ = {
			isa = PBXSourcesBuildPhase;
			buildActionMask = 2147483647;
			files = (
				7990C630279041FF00A3A43A /* IMessageTests.swift in Sources */,
			);
			runOnlyForDeploymentPostprocessing = 0;
		};
		7990C631279041FF00A3A43A /* Sources */ = {
			isa = PBXSourcesBuildPhase;
			buildActionMask = 2147483647;
			files = (
				7990C63C279041FF00A3A43A /* IMessageUITestsLaunchTests.swift in Sources */,
				7990C63A279041FF00A3A43A /* IMessageUITests.swift in Sources */,
			);
			runOnlyForDeploymentPostprocessing = 0;
		};
/* End PBXSourcesBuildPhase section */

/* Begin PBXTargetDependency section */
		7990C62D279041FF00A3A43A /* PBXTargetDependency */ = {
			isa = PBXTargetDependency;
			target = 7990C61A279041FC00A3A43A /* IMessage */;
			targetProxy = 7990C62C279041FF00A3A43A /* PBXContainerItemProxy */;
		};
		7990C637279041FF00A3A43A /* PBXTargetDependency */ = {
			isa = PBXTargetDependency;
			target = 7990C61A279041FC00A3A43A /* IMessage */;
			targetProxy = 7990C636279041FF00A3A43A /* PBXContainerItemProxy */;
		};
/* End PBXTargetDependency section */

/* Begin XCBuildConfiguration section */
		7990C63D279041FF00A3A43A /* Debug */ = {
			isa = XCBuildConfiguration;
			buildSettings = {
				ALWAYS_SEARCH_USER_PATHS = NO;
				CLANG_ANALYZER_NONNULL = YES;
				CLANG_ANALYZER_NUMBER_OBJECT_CONVERSION = YES_AGGRESSIVE;
				CLANG_CXX_LANGUAGE_STANDARD = "gnu++17";
				CLANG_CXX_LIBRARY = "libc++";
				CLANG_ENABLE_MODULES = YES;
				CLANG_ENABLE_OBJC_ARC = YES;
				CLANG_ENABLE_OBJC_WEAK = YES;
				CLANG_WARN_BLOCK_CAPTURE_AUTORELEASING = YES;
				CLANG_WARN_BOOL_CONVERSION = YES;
				CLANG_WARN_COMMA = YES;
				CLANG_WARN_CONSTANT_CONVERSION = YES;
				CLANG_WARN_DEPRECATED_OBJC_IMPLEMENTATIONS = YES;
				CLANG_WARN_DIRECT_OBJC_ISA_USAGE = YES_ERROR;
				CLANG_WARN_DOCUMENTATION_COMMENTS = YES;
				CLANG_WARN_EMPTY_BODY = YES;
				CLANG_WARN_ENUM_CONVERSION = YES;
				CLANG_WARN_INFINITE_RECURSION = YES;
				CLANG_WARN_INT_CONVERSION = YES;
				CLANG_WARN_NON_LITERAL_NULL_CONVERSION = YES;
				CLANG_WARN_OBJC_IMPLICIT_RETAIN_SELF = YES;
				CLANG_WARN_OBJC_LITERAL_CONVERSION = YES;
				CLANG_WARN_OBJC_ROOT_CLASS = YES_ERROR;
				CLANG_WARN_QUOTED_INCLUDE_IN_FRAMEWORK_HEADER = YES;
				CLANG_WARN_RANGE_LOOP_ANALYSIS = YES;
				CLANG_WARN_STRICT_PROTOTYPES = YES;
				CLANG_WARN_SUSPICIOUS_MOVE = YES;
				CLANG_WARN_UNGUARDED_AVAILABILITY = YES_AGGRESSIVE;
				CLANG_WARN_UNREACHABLE_CODE = YES;
				CLANG_WARN__DUPLICATE_METHOD_MATCH = YES;
				COPY_PHASE_STRIP = NO;
				DEBUG_INFORMATION_FORMAT = dwarf;
				ENABLE_STRICT_OBJC_MSGSEND = YES;
				ENABLE_TESTABILITY = YES;
				GCC_C_LANGUAGE_STANDARD = gnu11;
				GCC_DYNAMIC_NO_PIC = NO;
				GCC_NO_COMMON_BLOCKS = YES;
				GCC_OPTIMIZATION_LEVEL = 0;
				GCC_PREPROCESSOR_DEFINITIONS = (
					"DEBUG=1",
					"$(inherited)",
				);
				GCC_WARN_64_TO_32_BIT_CONVERSION = YES;
				GCC_WARN_ABOUT_RETURN_TYPE = YES_ERROR;
				GCC_WARN_UNDECLARED_SELECTOR = YES;
				GCC_WARN_UNINITIALIZED_AUTOS = YES_AGGRESSIVE;
				GCC_WARN_UNUSED_FUNCTION = YES;
				GCC_WARN_UNUSED_VARIABLE = YES;
				IPHONEOS_DEPLOYMENT_TARGET = 15.2;
				MTL_ENABLE_DEBUG_INFO = INCLUDE_SOURCE;
				MTL_FAST_MATH = YES;
				ONLY_ACTIVE_ARCH = YES;
				SDKROOT = iphoneos;
				SWIFT_ACTIVE_COMPILATION_CONDITIONS = DEBUG;
				SWIFT_OPTIMIZATION_LEVEL = "-Onone";
			};
			name = Debug;
		};
		7990C63E279041FF00A3A43A /* Release */ = {
			isa = XCBuildConfiguration;
			buildSettings = {
				ALWAYS_SEARCH_USER_PATHS = NO;
				CLANG_ANALYZER_NONNULL = YES;
				CLANG_ANALYZER_NUMBER_OBJECT_CONVERSION = YES_AGGRESSIVE;
				CLANG_CXX_LANGUAGE_STANDARD = "gnu++17";
				CLANG_CXX_LIBRARY = "libc++";
				CLANG_ENABLE_MODULES = YES;
				CLANG_ENABLE_OBJC_ARC = YES;
				CLANG_ENABLE_OBJC_WEAK = YES;
				CLANG_WARN_BLOCK_CAPTURE_AUTORELEASING = YES;
				CLANG_WARN_BOOL_CONVERSION = YES;
				CLANG_WARN_COMMA = YES;
				CLANG_WARN_CONSTANT_CONVERSION = YES;
				CLANG_WARN_DEPRECATED_OBJC_IMPLEMENTATIONS = YES;
				CLANG_WARN_DIRECT_OBJC_ISA_USAGE = YES_ERROR;
				CLANG_WARN_DOCUMENTATION_COMMENTS = YES;
				CLANG_WARN_EMPTY_BODY = YES;
				CLANG_WARN_ENUM_CONVERSION = YES;
				CLANG_WARN_INFINITE_RECURSION = YES;
				CLANG_WARN_INT_CONVERSION = YES;
				CLANG_WARN_NON_LITERAL_NULL_CONVERSION = YES;
				CLANG_WARN_OBJC_IMPLICIT_RETAIN_SELF = YES;
				CLANG_WARN_OBJC_LITERAL_CONVERSION = YES;
				CLANG_WARN_OBJC_ROOT_CLASS = YES_ERROR;
				CLANG_WARN_QUOTED_INCLUDE_IN_FRAMEWORK_HEADER = YES;
				CLANG_WARN_RANGE_LOOP_ANALYSIS = YES;
				CLANG_WARN_STRICT_PROTOTYPES = YES;
				CLANG_WARN_SUSPICIOUS_MOVE = YES;
				CLANG_WARN_UNGUARDED_AVAILABILITY = YES_AGGRESSIVE;
				CLANG_WARN_UNREACHABLE_CODE = YES;
				CLANG_WARN__DUPLICATE_METHOD_MATCH = YES;
				COPY_PHASE_STRIP = NO;
				DEBUG_INFORMATION_FORMAT = "dwarf-with-dsym";
				ENABLE_NS_ASSERTIONS = NO;
				ENABLE_STRICT_OBJC_MSGSEND = YES;
				GCC_C_LANGUAGE_STANDARD = gnu11;
				GCC_NO_COMMON_BLOCKS = YES;
				GCC_WARN_64_TO_32_BIT_CONVERSION = YES;
				GCC_WARN_ABOUT_RETURN_TYPE = YES_ERROR;
				GCC_WARN_UNDECLARED_SELECTOR = YES;
				GCC_WARN_UNINITIALIZED_AUTOS = YES_AGGRESSIVE;
				GCC_WARN_UNUSED_FUNCTION = YES;
				GCC_WARN_UNUSED_VARIABLE = YES;
				IPHONEOS_DEPLOYMENT_TARGET = 15.2;
				MTL_ENABLE_DEBUG_INFO = NO;
				MTL_FAST_MATH = YES;
				SDKROOT = iphoneos;
				SWIFT_COMPILATION_MODE = wholemodule;
				SWIFT_OPTIMIZATION_LEVEL = "-O";
				VALIDATE_PRODUCT = YES;
			};
			name = Release;
		};
		7990C640279041FF00A3A43A /* Debug */ = {
			isa = XCBuildConfiguration;
			buildSettings = {
				ASSETCATALOG_COMPILER_APPICON_NAME = AppIcon;
				ASSETCATALOG_COMPILER_GLOBAL_ACCENT_COLOR_NAME = AccentColor;
				CODE_SIGN_STYLE = Automatic;
				CURRENT_PROJECT_VERSION = 1;
				DEVELOPMENT_ASSET_PATHS = "\"IMessage/Preview Content\"";
				ENABLE_PREVIEWS = YES;
				GENERATE_INFOPLIST_FILE = YES;
				INFOPLIST_KEY_UIApplicationSceneManifest_Generation = YES;
				INFOPLIST_KEY_UIApplicationSupportsIndirectInputEvents = YES;
				INFOPLIST_KEY_UILaunchScreen_Generation = YES;
				INFOPLIST_KEY_UISupportedInterfaceOrientations_iPad = "UIInterfaceOrientationPortrait UIInterfaceOrientationPortraitUpsideDown UIInterfaceOrientationLandscapeLeft UIInterfaceOrientationLandscapeRight";
				INFOPLIST_KEY_UISupportedInterfaceOrientations_iPhone = "UIInterfaceOrientationPortrait UIInterfaceOrientationLandscapeLeft UIInterfaceOrientationLandscapeRight";
				LD_RUNPATH_SEARCH_PATHS = (
					"$(inherited)",
					"@executable_path/Frameworks",
				);
				MARKETING_VERSION = 1.0;
				PRODUCT_BUNDLE_IDENTIFIER = com.stupendousware.IMessage;
				PRODUCT_NAME = "$(TARGET_NAME)";
				SWIFT_EMIT_LOC_STRINGS = YES;
				SWIFT_VERSION = 5.0;
				TARGETED_DEVICE_FAMILY = "1,2";
			};
			name = Debug;
		};
		7990C641279041FF00A3A43A /* Release */ = {
			isa = XCBuildConfiguration;
			buildSettings = {
				ASSETCATALOG_COMPILER_APPICON_NAME = AppIcon;
				ASSETCATALOG_COMPILER_GLOBAL_ACCENT_COLOR_NAME = AccentColor;
				CODE_SIGN_STYLE = Automatic;
				CURRENT_PROJECT_VERSION = 1;
				DEVELOPMENT_ASSET_PATHS = "\"IMessage/Preview Content\"";
				ENABLE_PREVIEWS = YES;
				GENERATE_INFOPLIST_FILE = YES;
				INFOPLIST_KEY_UIApplicationSceneManifest_Generation = YES;
				INFOPLIST_KEY_UIApplicationSupportsIndirectInputEvents = YES;
				INFOPLIST_KEY_UILaunchScreen_Generation = YES;
				INFOPLIST_KEY_UISupportedInterfaceOrientations_iPad = "UIInterfaceOrientationPortrait UIInterfaceOrientationPortraitUpsideDown UIInterfaceOrientationLandscapeLeft UIInterfaceOrientationLandscapeRight";
				INFOPLIST_KEY_UISupportedInterfaceOrientations_iPhone = "UIInterfaceOrientationPortrait UIInterfaceOrientationLandscapeLeft UIInterfaceOrientationLandscapeRight";
				LD_RUNPATH_SEARCH_PATHS = (
					"$(inherited)",
					"@executable_path/Frameworks",
				);
				MARKETING_VERSION = 1.0;
				PRODUCT_BUNDLE_IDENTIFIER = com.stupendousware.IMessage;
				PRODUCT_NAME = "$(TARGET_NAME)";
				SWIFT_EMIT_LOC_STRINGS = YES;
				SWIFT_VERSION = 5.0;
				TARGETED_DEVICE_FAMILY = "1,2";
			};
			name = Release;
		};
		7990C643279041FF00A3A43A /* Debug */ = {
			isa = XCBuildConfiguration;
			buildSettings = {
				ALWAYS_EMBED_SWIFT_STANDARD_LIBRARIES = YES;
				BUNDLE_LOADER = "$(TEST_HOST)";
				CODE_SIGN_STYLE = Automatic;
				CURRENT_PROJECT_VERSION = 1;
				GENERATE_INFOPLIST_FILE = YES;
				IPHONEOS_DEPLOYMENT_TARGET = 15.2;
				MARKETING_VERSION = 1.0;
				PRODUCT_BUNDLE_IDENTIFIER = com.stupendousware.IMessageTests;
				PRODUCT_NAME = "$(TARGET_NAME)";
				SWIFT_EMIT_LOC_STRINGS = NO;
				SWIFT_VERSION = 5.0;
				TARGETED_DEVICE_FAMILY = "1,2";
				TEST_HOST = "$(BUILT_PRODUCTS_DIR)/IMessage.app/IMessage";
			};
			name = Debug;
		};
		7990C644279041FF00A3A43A /* Release */ = {
			isa = XCBuildConfiguration;
			buildSettings = {
				ALWAYS_EMBED_SWIFT_STANDARD_LIBRARIES = YES;
				BUNDLE_LOADER = "$(TEST_HOST)";
				CODE_SIGN_STYLE = Automatic;
				CURRENT_PROJECT_VERSION = 1;
				GENERATE_INFOPLIST_FILE = YES;
				IPHONEOS_DEPLOYMENT_TARGET = 15.2;
				MARKETING_VERSION = 1.0;
				PRODUCT_BUNDLE_IDENTIFIER = com.stupendousware.IMessageTests;
				PRODUCT_NAME = "$(TARGET_NAME)";
				SWIFT_EMIT_LOC_STRINGS = NO;
				SWIFT_VERSION = 5.0;
				TARGETED_DEVICE_FAMILY = "1,2";
				TEST_HOST = "$(BUILT_PRODUCTS_DIR)/IMessage.app/IMessage";
			};
			name = Release;
		};
		7990C646279041FF00A3A43A /* Debug */ = {
			isa = XCBuildConfiguration;
			buildSettings = {
				ALWAYS_EMBED_SWIFT_STANDARD_LIBRARIES = YES;
				CODE_SIGN_STYLE = Automatic;
				CURRENT_PROJECT_VERSION = 1;
				GENERATE_INFOPLIST_FILE = YES;
				MARKETING_VERSION = 1.0;
				PRODUCT_BUNDLE_IDENTIFIER = com.stupendousware.IMessageUITests;
				PRODUCT_NAME = "$(TARGET_NAME)";
				SWIFT_EMIT_LOC_STRINGS = NO;
				SWIFT_VERSION = 5.0;
				TARGETED_DEVICE_FAMILY = "1,2";
				TEST_TARGET_NAME = IMessage;
			};
			name = Debug;
		};
		7990C647279041FF00A3A43A /* Release */ = {
			isa = XCBuildConfiguration;
			buildSettings = {
				ALWAYS_EMBED_SWIFT_STANDARD_LIBRARIES = YES;
				CODE_SIGN_STYLE = Automatic;
				CURRENT_PROJECT_VERSION = 1;
				GENERATE_INFOPLIST_FILE = YES;
				MARKETING_VERSION = 1.0;
				PRODUCT_BUNDLE_IDENTIFIER = com.stupendousware.IMessageUITests;
				PRODUCT_NAME = "$(TARGET_NAME)";
				SWIFT_EMIT_LOC_STRINGS = NO;
				SWIFT_VERSION = 5.0;
				TARGETED_DEVICE_FAMILY = "1,2";
				TEST_TARGET_NAME = IMessage;
			};
			name = Release;
		};
/* End XCBuildConfiguration section */

/* Begin XCConfigurationList section */
		7990C616279041FC00A3A43A /* Build configuration list for PBXProject "IMessage" */ = {
			isa = XCConfigurationList;
			buildConfigurations = (
				7990C63D279041FF00A3A43A /* Debug */,
				7990C63E279041FF00A3A43A /* Release */,
			);
			defaultConfigurationIsVisible = 0;
			defaultConfigurationName = Release;
		};
		7990C63F279041FF00A3A43A /* Build configuration list for PBXNativeTarget "IMessage" */ = {
			isa = XCConfigurationList;
			buildConfigurations = (
				7990C640279041FF00A3A43A /* Debug */,
				7990C641279041FF00A3A43A /* Release */,
			);
			defaultConfigurationIsVisible = 0;
			defaultConfigurationName = Release;
		};
		7990C642279041FF00A3A43A /* Build configuration list for PBXNativeTarget "IMessageTests" */ = {
			isa = XCConfigurationList;
			buildConfigurations = (
				7990C643279041FF00A3A43A /* Debug */,
				7990C644279041FF00A3A43A /* Release */,
			);
			defaultConfigurationIsVisible = 0;
			defaultConfigurationName = Release;
		};
		7990C645279041FF00A3A43A /* Build configuration list for PBXNativeTarget "IMessageUITests" */ = {
			isa = XCConfigurationList;
			buildConfigurations = (
				7990C646279041FF00A3A43A /* Debug */,
				7990C647279041FF00A3A43A /* Release */,
			);
			defaultConfigurationIsVisible = 0;
			defaultConfigurationName = Release;
		};
/* End XCConfigurationList section */
	};
	rootObject = 7990C613279041FC00A3A43A /* Project object */;
}
